
Microsoft Visual Studio Solution File, Format Version 12.00
# Visual Studio Version 16
VisualStudioVersion = 16.0.31005.135
MinimumVisualStudioVersion = 10.0.40219.1
Project("{FAE04EC0-301F-11D3-BF4B-00C04F79EFBC}") = "IPlab8", "IPlab8\IPlab8.csproj", "{B1B7AEAD-C3B1-4A6A-BFE7-78E8F7C50D65}"
EndProject
Global
	GlobalSection(SolutionConfigurationPlatforms) = preSolution
		Debug|Any CPU = Debug|Any CPU
		Release|Any CPU = Release|Any CPU
	EndGlobalSection
	GlobalSection(ProjectConfigurationPlatforms) = postSolution
		{B1B7AEAD-C3B1-4A6A-BFE7-78E8F7C50D65}.Debug|Any CPU.ActiveCfg = Debug|Any CPU
		{B1B7AEAD-C3B1-4A6A-BFE7-78E8F7C50D65}.Debug|Any CPU.Build.0 = Debug|Any CPU
		{B1B7AEAD-C3B1-4A6A-BFE7-78E8F7C50D65}.Release|Any CPU.ActiveCfg = Release|Any CPU
		{B1B7AEAD-C3B1-4A6A-BFE7-78E8F7C50D65}.Release|Any CPU.Build.0 = Release|Any CPU
	EndGlobalSection
	GlobalSection(SolutionProperties) = preSolution
		HideSolutionNode = FALSE
	EndGlobalSection
	GlobalSection(ExtensibilityGlobals) = postSolution
		SolutionGuid = {BF32A673-9C8A-4B94-8BF1-C3CDD6D15A6E}
	EndGlobalSection
EndGlobal
